
Microsoft Visual Studio Solution File, Format Version 12.00
# Visual Studio 15
VisualStudioVersion = 15.0.27004.2005
MinimumVisualStudioVersion = 10.0.40219.1
Project("{FAE04EC0-301F-11D3-BF4B-00C04F79EFBC}") = "WindowsDevCenterStacktraceSymbolicater", "WindowsDevCenterStacktraceSymbolicater\WindowsDevCenterStacktraceSymbolicater.csproj", "{A7324F4E-CBCF-4843-BF00-24170E23D110}"
EndProject
Global
	GlobalSection(SolutionConfigurationPlatforms) = preSolution
		Debug|Any CPU = Debug|Any CPU
		Release|Any CPU = Release|Any CPU
	EndGlobalSection
	GlobalSection(ProjectConfigurationPlatforms) = postSolution
		{A7324F4E-CBCF-4843-BF00-24170E23D110}.Debug|Any CPU.ActiveCfg = Debug|Any CPU
		{A7324F4E-CBCF-4843-BF00-24170E23D110}.Debug|Any CPU.Build.0 = Debug|Any CPU
		{A7324F4E-CBCF-4843-BF00-24170E23D110}.Release|Any CPU.ActiveCfg = Release|Any CPU
		{A7324F4E-CBCF-4843-BF00-24170E23D110}.Release|Any CPU.Build.0 = Release|Any CPU
	EndGlobalSection
	GlobalSection(SolutionProperties) = preSolution
		HideSolutionNode = FALSE
	EndGlobalSection
	GlobalSection(ExtensibilityGlobals) = postSolution
		SolutionGuid = {6829CA26-3498-4D13-A7AC-7E53277F6361}
	EndGlobalSection
EndGlobal
